{
  "name": "synph",
  "version": "1.0.0",
  "lockfileVersion": 1,
  "requires": true,
  "dependencies": {
    "@types/accepts": {
      "version": "1.3.5",
      "resolved": "http://registry.npm.taobao.org/@types/accepts/download/@types/accepts-1.3.5.tgz",
      "integrity": "sha1-w0vsEVz8dG4E/loFnfTOfns5FXU=",
      "dev": true,
      "requires": {
        "@types/node": "*"
      }
    },
    "@types/body-parser": {
      "version": "1.17.0",
      "resolved": "http://registry.npm.taobao.org/@types/body-parser/download/@types/body-parser-1.17.0.tgz",
      "integrity": "sha1-n1ydm9BLtUvjLV65/A2Ml05s9Yw=",
      "dev": true,
      "requires": {
        "@types/connect": "*",
        "@types/node": "*"
      }
    },
    "@types/connect": {
      "version": "3.4.32",
      "resolved": "http://registry.npm.taobao.org/@types/connect/download/@types/connect-3.4.32.tgz",
      "integrity": "sha1-qg6WFrlDXMrQK8UrW0VP/Cxwuig=",
      "dev": true,
      "requires": {
        "@types/node": "*"
      }
    },
    "@types/cookies": {
      "version": "0.7.1",
      "resolved": "http://registry.npm.taobao.org/@types/cookies/download/@types/cookies-0.7.1.tgz",
      "integrity": "sha1-+fIEvWdn04nuo7h2CeMMCQx3pUA=",
      "dev": true,
      "requires": {
        "@types/connect": "*",
        "@types/express": "*",
        "@types/keygrip": "*",
        "@types/node": "*"
      }
    },
    "@types/estree": {
      "version": "0.0.39",
      "resolved": "http://registry.npm.taobao.org/@types/estree/download/@types/estree-0.0.39.tgz",
      "integrity": "sha1-4Xfmme4bjCLSMXTKqnQiZEOJUJ8=",
      "dev": true
    },
    "@types/express": {
      "version": "4.16.1",
      "resolved": "http://registry.npm.taobao.org/@types/express/download/@types/express-4.16.1.tgz",
      "integrity": "sha1-11a9GoXDTYfq9EyIi60nuopLfPA=",
      "dev": true,
      "requires": {
        "@types/body-parser": "*",
        "@types/express-serve-static-core": "*",
        "@types/serve-static": "*"
      }
    },
    "@types/express-serve-static-core": {
      "version": "4.16.2",
      "resolved": "http://registry.npm.taobao.org/@types/express-serve-static-core/download/@types/express-serve-static-core-4.16.2.tgz",
      "integrity": "sha1-XuiiLmAgBb5nZ99rLLqYed8/dao=",
      "dev": true,
      "requires": {
        "@types/node": "*",
        "@types/range-parser": "*"
      }
    },
    "@types/http-assert": {
      "version": "1.4.0",
      "resolved": "http://registry.npm.taobao.org/@types/http-assert/download/@types/http-assert-1.4.0.tgz",
      "integrity": "sha1-QdFzRm45bpmhTXX3FgzJl/L57Ys=",
      "dev": true
    },
    "@types/keygrip": {
      "version": "1.0.1",
      "resolved": "http://registry.npm.taobao.org/@types/keygrip/download/@types/keygrip-1.0.1.tgz",
      "integrity": "sha1-/1QEYtL7TQqIRBzq8n0oewHD2Hg=",
      "dev": true
    },
    "@types/koa": {
      "version": "2.0.48",
      "resolved": "http://registry.npm.taobao.org/@types/koa/download/@types/koa-2.0.48.tgz",
      "integrity": "sha1-KRYngwKdPl34tYxV9r8NNfePw58=",
      "dev": true,
      "requires": {
        "@types/accepts": "*",
        "@types/cookies": "*",
        "@types/http-assert": "*",
        "@types/keygrip": "*",
        "@types/koa-compose": "*",
        "@types/node": "*"
      }
    },
    "@types/koa-compose": {
      "version": "3.2.3",
      "resolved": "http://registry.npm.taobao.org/@types/koa-compose/download/@types/koa-compose-3.2.3.tgz",
      "integrity": "sha1-TimB97xM4PR5chlRapG/b/OnD6E=",
      "dev": true,
      "requires": {
        "@types/koa": "*"
      }
    },
    "@types/koa-mount": {
      "version": "3.0.1",
      "resolved": "http://registry.npm.taobao.org/@types/koa-mount/download/@types/koa-mount-3.0.1.tgz",
      "integrity": "sha1-LAaNFpaxc8YsMWFYIQxDFsRAH1c=",
      "dev": true,
      "requires": {
        "@types/koa": "*"
      }
    },
    "@types/koa-route": {
      "version": "3.2.4",
      "resolved": "http://registry.npm.taobao.org/@types/koa-route/download/@types/koa-route-3.2.4.tgz",
      "integrity": "sha1-Zf4zCPALszxdDZWnm0QcMKaxyYk=",
      "dev": true,
      "requires": {
        "@types/koa": "*",
        "path-to-regexp": "^1.7.0"
      }
    },
    "@types/koa-router": {
      "version": "7.0.40",
      "resolved": "http://registry.npm.taobao.org/@types/koa-router/download/@types/koa-router-7.0.40.tgz",
      "integrity": "sha1-llTbxDN1oDgMRMScRQS02/w+Tmo=",
      "dev": true,
      "requires": {
        "@types/koa": "*"
      }
    },
    "@types/koa-send": {
      "version": "4.1.2",
      "resolved": "http://registry.npm.taobao.org/@types/koa-send/download/@types/koa-send-4.1.2.tgz",
      "integrity": "sha1-l4+CZ60RbRKsahj+zY80xWV+Ca0=",
      "dev": true,
      "requires": {
        "@types/koa": "*"
      }
    },
    "@types/koa-static": {
      "version": "4.0.1",
      "resolved": "http://registry.npm.taobao.org/@types/koa-static/download/@types/koa-static-4.0.1.tgz",
      "integrity": "sha1-t0DYClSbCgp6OziRja7N6Ip6UOw=",
      "dev": true,
      "requires": {
        "@types/koa": "*",
        "@types/koa-send": "*"
      }
    },
    "@types/mime": {
      "version": "2.0.1",
      "resolved": "http://registry.npm.taobao.org/@types/mime/download/@types/mime-2.0.1.tgz",
      "integrity": "sha1-3EiIQjEqfwdRSTEpBbXjwLBUx50=",
      "dev": true
    },
    "@types/node": {
      "version": "11.12.2",
      "resolved": "http://registry.npm.taobao.org/@types/node/download/@types/node-11.12.2.tgz",
      "integrity": "sha1-1/MC50sQ6YAdUoUhN/ZS2e4jXag=",
      "dev": true
    },
    "@types/prop-types": {
      "version": "15.7.0",
      "resolved": "http://registry.npm.taobao.org/@types/prop-types/download/@types/prop-types-15.7.0.tgz",
      "integrity": "sha1-TEj+2VjW3PlIcZWg72RW1fbgFjo=",
      "dev": true
    },
    "@types/range-parser": {
      "version": "1.2.3",
      "resolved": "http://registry.npm.taobao.org/@types/range-parser/download/@types/range-parser-1.2.3.tgz",
      "integrity": "sha1-fuMwunyq+5gJC+zoal7kQRWQTCw=",
      "dev": true
    },
    "@types/react": {
      "version": "16.8.10",
      "resolved": "http://registry.npm.taobao.org/@types/react/download/@types/react-16.8.10.tgz",
      "integrity": "sha1-HMtv3hf3GmLvBVOC7Gi9w3nU2Nk=",
      "dev": true,
      "requires": {
        "@types/prop-types": "*",
        "csstype": "^2.2.0"
      }
    },
    "@types/react-dom": {
      "version": "16.8.3",
      "resolved": "http://registry.npm.taobao.org/@types/react-dom/download/@types/react-dom-16.8.3.tgz",
      "integrity": "sha1-YTG3thWLx+0ZJaM3S4i3wASB8Ms=",
      "dev": true,
      "requires": {
        "@types/react": "*"
      }
    },
    "@types/serve-static": {
      "version": "1.13.2",
      "resolved": "http://registry.npm.taobao.org/@types/serve-static/download/@types/serve-static-1.13.2.tgz",
      "integrity": "sha1-9axNemQgqZpqRa9HGfTc2M2Qekg=",
      "dev": true,
      "requires": {
        "@types/express-serve-static-core": "*",
        "@types/mime": "*"
      }
    },
    "accepts": {
      "version": "1.3.5",
      "resolved": "http://registry.npm.taobao.org/accepts/download/accepts-1.3.5.tgz",
      "integrity": "sha1-63d99gEXI6OxTopywIBcjoZ0a9I=",
      "dev": true,
      "requires": {
        "mime-types": "~2.1.18",
        "negotiator": "0.6.1"
      }
    },
    "acorn": {
      "version": "6.1.1",
      "resolved": "http://registry.npm.taobao.org/acorn/download/acorn-6.1.1.tgz",
      "integrity": "sha1-fSWuBbuK0fm2mRCOEJTs14hK3B8=",
      "dev": true
    },
    "any-promise": {
      "version": "1.3.0",
      "resolved": "http://registry.npm.taobao.org/any-promise/download/any-promise-1.3.0.tgz",
      "integrity": "sha1-q8av7tzqUugJzcA3au0845Y10X8=",
      "dev": true
    },
    "cache-content-type": {
      "version": "1.0.1",
      "resolved": "http://registry.npm.taobao.org/cache-content-type/download/cache-content-type-1.0.1.tgz",
      "integrity": "sha1-A1zeKwjuISn0qDFeqPAKANuhRTw=",
      "dev": true,
      "requires": {
        "mime-types": "^2.1.18",
        "ylru": "^1.2.0"
      }
    },
    "co": {
      "version": "4.6.0",
      "resolved": "http://registry.npm.taobao.org/co/download/co-4.6.0.tgz",
      "integrity": "sha1-bqa989hTrlTMuOR7+gvz+QMfsYQ=",
      "dev": true
    },
    "content-disposition": {
      "version": "0.5.3",
      "resolved": "http://registry.npm.taobao.org/content-disposition/download/content-disposition-0.5.3.tgz",
      "integrity": "sha1-4TDK9+cnkIfFYWwgB9BIVpiYT70=",
      "dev": true,
      "requires": {
        "safe-buffer": "5.1.2"
      }
    },
    "content-type": {
      "version": "1.0.4",
      "resolved": "http://registry.npm.taobao.org/content-type/download/content-type-1.0.4.tgz",
      "integrity": "sha1-4TjMdeBAxyexlm/l5fjJruJW/js=",
      "dev": true
    },
    "cookies": {
      "version": "0.7.3",
      "resolved": "http://registry.npm.taobao.org/cookies/download/cookies-0.7.3.tgz",
      "integrity": "sha1-eRLOIfvy6MLacM8cPzUa7PWdrfo=",
      "dev": true,
      "requires": {
        "depd": "~1.1.2",
        "keygrip": "~1.0.3"
      }
    },
    "csstype": {
      "version": "2.6.3",
      "resolved": "http://registry.npm.taobao.org/csstype/download/csstype-2.6.3.tgz",
      "integrity": "sha1-twHlloJFv5sI1UrIPQC2JOYiqfo=",
      "dev": true
    },
    "debug": {
      "version": "3.1.0",
      "resolved": "http://registry.npm.taobao.org/debug/download/debug-3.1.0.tgz",
      "integrity": "sha1-W7WgZyYotkFJVmuhaBnmFRjGcmE=",
      "dev": true,
      "requires": {
        "ms": "2.0.0"
      }
    },
    "deep-equal": {
      "version": "1.0.1",
      "resolved": "http://registry.npm.taobao.org/deep-equal/download/deep-equal-1.0.1.tgz",
      "integrity": "sha1-9dJgKStmDghO/0zbyfCK0yR0SLU=",
      "dev": true
    },
    "delegates": {
      "version": "1.0.0",
      "resolved": "http://registry.npm.taobao.org/delegates/download/delegates-1.0.0.tgz",
      "integrity": "sha1-hMbhWbgZBP3KWaDvRM2HDTElD5o=",
      "dev": true
    },
    "depd": {
      "version": "1.1.2",
      "resolved": "http://registry.npm.taobao.org/depd/download/depd-1.1.2.tgz",
      "integrity": "sha1-m81S4UwJd2PnSbJ0xDRu0uVgtak=",
      "dev": true
    },
    "destroy": {
      "version": "1.0.4",
      "resolved": "http://registry.npm.taobao.org/destroy/download/destroy-1.0.4.tgz",
      "integrity": "sha1-l4hXRCxEdJ5CBmE+N5RiBYJqvYA=",
      "dev": true
    },
    "ee-first": {
      "version": "1.1.1",
      "resolved": "http://registry.npm.taobao.org/ee-first/download/ee-first-1.1.1.tgz",
      "integrity": "sha1-WQxhFWsK4vTwJVcyoViyZrxWsh0=",
      "dev": true
    },
    "error-inject": {
      "version": "1.0.0",
      "resolved": "http://registry.npm.taobao.org/error-inject/download/error-inject-1.0.0.tgz",
      "integrity": "sha1-4rPZG1Su1nLzCdlQ0VSFD6EdTzc=",
      "dev": true
    },
    "escape-html": {
      "version": "1.0.3",
      "resolved": "http://registry.npm.taobao.org/escape-html/download/escape-html-1.0.3.tgz",
      "integrity": "sha1-Aljq5NPQwJdN4cFpGI7wBR0dGYg=",
      "dev": true
    },
    "fresh": {
      "version": "0.5.2",
      "resolved": "http://registry.npm.taobao.org/fresh/download/fresh-0.5.2.tgz",
      "integrity": "sha1-PYyt2Q2XZWn6g1qx+OSyOhBWBac=",
      "dev": true
    },
    "http-assert": {
      "version": "1.4.0",
      "resolved": "http://registry.npm.taobao.org/http-assert/download/http-assert-1.4.0.tgz",
      "integrity": "sha1-DlULT8pq3xIbvu2DJIwX5i9ZOpo=",
      "dev": true,
      "requires": {
        "deep-equal": "~1.0.1",
        "http-errors": "~1.7.1"
      }
    },
    "http-errors": {
      "version": "1.7.2",
      "resolved": "http://registry.npm.taobao.org/http-errors/download/http-errors-1.7.2.tgz",
      "integrity": "sha1-T1ApzxMjnzEDblsuVSkrz7zIXI8=",
      "dev": true,
      "requires": {
        "depd": "~1.1.2",
        "inherits": "2.0.3",
        "setprototypeof": "1.1.1",
        "statuses": ">= 1.5.0 < 2",
        "toidentifier": "1.0.0"
      }
    },
    "inherits": {
      "version": "2.0.3",
      "resolved": "http://registry.npm.taobao.org/inherits/download/inherits-2.0.3.tgz",
      "integrity": "sha1-Yzwsg+PaQqUC9SRmAiSA9CCCYd4=",
      "dev": true
    },
    "is-generator-function": {
      "version": "1.0.7",
      "resolved": "http://registry.npm.taobao.org/is-generator-function/download/is-generator-function-1.0.7.tgz",
      "integrity": "sha1-0hMuUpuwAAp/gHlNS99c1eWBNSI=",
      "dev": true
    },
    "isarray": {
      "version": "0.0.1",
      "resolved": "http://registry.npm.taobao.org/isarray/download/isarray-0.0.1.tgz",
      "integrity": "sha1-ihis/Kmo9Bd+Cav8YDiTmwXR7t8=",
      "dev": true
    },
    "js-tokens": {
      "version": "4.0.0",
      "resolved": "http://registry.npm.taobao.org/js-tokens/download/js-tokens-4.0.0.tgz",
      "integrity": "sha1-GSA/tZmR35jjoocFDUZHzerzJJk=",
      "dev": true
    },
    "keygrip": {
      "version": "1.0.3",
      "resolved": "http://registry.npm.taobao.org/keygrip/download/keygrip-1.0.3.tgz",
      "integrity": "sha1-OZ1wnwrtK6sKBZ4M3TpQI6BT4dw=",
      "dev": true
    },
    "koa": {
      "version": "2.7.0",
      "resolved": "http://registry.npm.taobao.org/koa/download/koa-2.7.0.tgz",
      "integrity": "sha1-fgCENQaUK52CxswzdJ9lfG5eet8=",
      "dev": true,
      "requires": {
        "accepts": "^1.3.5",
        "cache-content-type": "^1.0.0",
        "content-disposition": "~0.5.2",
        "content-type": "^1.0.4",
        "cookies": "~0.7.1",
        "debug": "~3.1.0",
        "delegates": "^1.0.0",
        "depd": "^1.1.2",
        "destroy": "^1.0.4",
        "error-inject": "^1.0.0",
        "escape-html": "^1.0.3",
        "fresh": "~0.5.2",
        "http-assert": "^1.3.0",
        "http-errors": "^1.6.3",
        "is-generator-function": "^1.0.7",
        "koa-compose": "^4.1.0",
        "koa-convert": "^1.2.0",
        "koa-is-json": "^1.0.0",
        "on-finished": "^2.3.0",
        "only": "~0.0.2",
        "parseurl": "^1.3.2",
        "statuses": "^1.5.0",
        "type-is": "^1.6.16",
        "vary": "^1.1.2"
      }
    },
    "koa-compose": {
      "version": "4.1.0",
      "resolved": "http://registry.npm.taobao.org/koa-compose/download/koa-compose-4.1.0.tgz",
      "integrity": "sha1-UHMGuTcZAdtBEhyBLpI9DWfT6Hc=",
      "dev": true
    },
    "koa-convert": {
      "version": "1.2.0",
      "resolved": "http://registry.npm.taobao.org/koa-convert/download/koa-convert-1.2.0.tgz",
      "integrity": "sha1-2kCHXfSd4FOQmNFwC1CCDOvNIdA=",
      "dev": true,
      "requires": {
        "co": "^4.6.0",
        "koa-compose": "^3.0.0"
      },
      "dependencies": {
        "koa-compose": {
          "version": "3.2.1",
          "resolved": "http://registry.npm.taobao.org/koa-compose/download/koa-compose-3.2.1.tgz",
          "integrity": "sha1-qFzLQLfZhtjlo0Wzoazo6rz1Tec=",
          "dev": true,
          "requires": {
            "any-promise": "^1.1.0"
          }
        }
      }
    },
    "koa-is-json": {
      "version": "1.0.0",
      "resolved": "http://registry.npm.taobao.org/koa-is-json/download/koa-is-json-1.0.0.tgz",
      "integrity": "sha1-JzwH7c3Ljfaiwat9We52SRRR7BQ=",
      "dev": true
    },
    "koa-mount": {
      "version": "4.0.0",
      "resolved": "http://registry.npm.taobao.org/koa-mount/download/koa-mount-4.0.0.tgz",
      "integrity": "sha1-4CZeWBmOGhTviJUUxgclT/OGMpw=",
      "dev": true,
      "requires": {
        "debug": "^4.0.1",
        "koa-compose": "^4.1.0"
      },
      "dependencies": {
        "debug": {
          "version": "4.1.1",
          "resolved": "http://registry.npm.taobao.org/debug/download/debug-4.1.1.tgz",
          "integrity": "sha1-O3ImAlUQnGtYnO4FDx1RYTlmR5E=",
          "dev": true,
          "requires": {
            "ms": "^2.1.1"
          }
        },
        "ms": {
          "version": "2.1.1",
          "resolved": "http://registry.npm.taobao.org/ms/download/ms-2.1.1.tgz",
          "integrity": "sha1-MKWGTrPrsKZvLr5tcnrwagnYbgo=",
          "dev": true
        }
      }
    },
    "koa-route": {
      "version": "3.2.0",
      "resolved": "http://registry.npm.taobao.org/koa-route/download/koa-route-3.2.0.tgz",
      "integrity": "sha1-dimLmaa8+p44yrb+XHmocz51i84=",
      "dev": true,
      "requires": {
        "debug": "*",
        "methods": "~1.1.0",
        "path-to-regexp": "^1.2.0"
      }
    },
    "koa-send": {
      "version": "5.0.0",
      "resolved": "http://registry.npm.taobao.org/koa-send/download/koa-send-5.0.0.tgz",
      "integrity": "sha1-XoRB4H71VzdzTXztJbhC5QZG5+s=",
      "dev": true,
      "requires": {
        "debug": "^3.1.0",
        "http-errors": "^1.6.3",
        "mz": "^2.7.0",
        "resolve-path": "^1.4.0"
      }
    },
    "koa-static": {
      "version": "5.0.0",
      "resolved": "http://registry.npm.taobao.org/koa-static/download/koa-static-5.0.0.tgz",
      "integrity": "sha1-XpL8lrU3rVIZ9CUxnJW2R3J3aUM=",
      "dev": true,
      "requires": {
        "debug": "^3.1.0",
        "koa-send": "^5.0.0"
      }
    },
    "loose-envify": {
      "version": "1.4.0",
      "resolved": "http://registry.npm.taobao.org/loose-envify/download/loose-envify-1.4.0.tgz",
      "integrity": "sha1-ce5R+nvkyuwaY4OffmgtgTLTDK8=",
      "dev": true,
      "requires": {
        "js-tokens": "^3.0.0 || ^4.0.0"
      }
    },
    "media-typer": {
      "version": "0.3.0",
      "resolved": "http://registry.npm.taobao.org/media-typer/download/media-typer-0.3.0.tgz",
      "integrity": "sha1-hxDXrwqmJvj/+hzgAWhUUmMlV0g=",
      "dev": true
    },
    "methods": {
      "version": "1.1.2",
      "resolved": "http://registry.npm.taobao.org/methods/download/methods-1.1.2.tgz",
      "integrity": "sha1-VSmk1nZUE07cxSZmVoNbD4Ua/O4=",
      "dev": true
    },
    "mime-db": {
      "version": "1.38.0",
      "resolved": "http://registry.npm.taobao.org/mime-db/download/mime-db-1.38.0.tgz",
      "integrity": "sha1-GiqrFtqesWe0nG5N8tnGjWPY4q0=",
      "dev": true
    },
    "mime-types": {
      "version": "2.1.22",
      "resolved": "http://registry.npm.taobao.org/mime-types/download/mime-types-2.1.22.tgz",
      "integrity": "sha1-/ms1WhkJJqt2mMmgVWoRGZshmb0=",
      "dev": true,
      "requires": {
        "mime-db": "~1.38.0"
      }
    },
    "ms": {
      "version": "2.0.0",
      "resolved": "http://registry.npm.taobao.org/ms/download/ms-2.0.0.tgz",
      "integrity": "sha1-VgiurfwAvmwpAd9fmGF4jeDVl8g=",
      "dev": true
    },
    "mz": {
      "version": "2.7.0",
      "resolved": "http://registry.npm.taobao.org/mz/download/mz-2.7.0.tgz",
      "integrity": "sha1-lQCAV6Vsr63CvGPd5/n/aVWUjjI=",
      "dev": true,
      "requires": {
        "any-promise": "^1.0.0",
        "object-assign": "^4.0.1",
        "thenify-all": "^1.0.0"
      }
    },
    "negotiator": {
      "version": "0.6.1",
      "resolved": "http://registry.npm.taobao.org/negotiator/download/negotiator-0.6.1.tgz",
      "integrity": "sha1-KzJxhOiZIQEXeyhWP7XnECrNDKk=",
      "dev": true
    },
    "object-assign": {
      "version": "4.1.1",
      "resolved": "http://registry.npm.taobao.org/object-assign/download/object-assign-4.1.1.tgz",
      "integrity": "sha1-IQmtx5ZYh8/AXLvUQsrIv7s2CGM=",
      "dev": true
    },
    "on-finished": {
      "version": "2.3.0",
      "resolved": "http://registry.npm.taobao.org/on-finished/download/on-finished-2.3.0.tgz",
      "integrity": "sha1-IPEzZIGwg811M3mSoWlxqi2QaUc=",
      "dev": true,
      "requires": {
        "ee-first": "1.1.1"
      }
    },
    "only": {
      "version": "0.0.2",
      "resolved": "http://registry.npm.taobao.org/only/download/only-0.0.2.tgz",
      "integrity": "sha1-Kv3oTQPlC5qO3EROMGEKcCle37Q=",
      "dev": true
    },
    "parseurl": {
      "version": "1.3.2",
      "resolved": "http://registry.npm.taobao.org/parseurl/download/parseurl-1.3.2.tgz",
      "integrity": "sha1-/CidTtiZMRlGDBViUyYs3I3mW/M=",
      "dev": true
    },
    "path-is-absolute": {
      "version": "1.0.1",
      "resolved": "http://registry.npm.taobao.org/path-is-absolute/download/path-is-absolute-1.0.1.tgz",
      "integrity": "sha1-F0uSaHNVNP+8es5r9TpanhtcX18=",
      "dev": true
    },
    "path-to-regexp": {
      "version": "1.7.0",
      "resolved": "http://registry.npm.taobao.org/path-to-regexp/download/path-to-regexp-1.7.0.tgz",
      "integrity": "sha1-Wf3g9DW62suhA6hOnTvGTpa5k30=",
      "dev": true,
      "requires": {
        "isarray": "0.0.1"
      }
    },
    "prop-types": {
      "version": "15.7.2",
      "resolved": "http://registry.npm.taobao.org/prop-types/download/prop-types-15.7.2.tgz",
      "integrity": "sha1-UsQedbjIfnK52TYOAga5ncv/psU=",
      "dev": true,
      "requires": {
        "loose-envify": "^1.4.0",
        "object-assign": "^4.1.1",
        "react-is": "^16.8.1"
      }
    },
    "react": {
      "version": "16.8.6",
      "resolved": "http://registry.npm.taobao.org/react/download/react-16.8.6.tgz?cache=0&other_urls=http%3A%2F%2Fregistry.npm.taobao.org%2Freact%2Fdownload%2Freact-16.8.6.tgz",
      "integrity": "sha1-rWw6lhT9Ok6e9REX9U2IjaAfK74=",
      "dev": true,
      "requires": {
        "loose-envify": "^1.1.0",
        "object-assign": "^4.1.1",
        "prop-types": "^15.6.2",
        "scheduler": "^0.13.6"
      }
    },
    "react-dom": {
      "version": "16.8.6",
      "resolved": "http://registry.npm.taobao.org/react-dom/download/react-dom-16.8.6.tgz?cache=0&other_urls=http%3A%2F%2Fregistry.npm.taobao.org%2Freact-dom%2Fdownload%2Freact-dom-16.8.6.tgz",
      "integrity": "sha1-cdYwP2MeiwCX9WFl72CPBR/24Q8=",
      "dev": true,
      "requires": {
        "loose-envify": "^1.1.0",
        "object-assign": "^4.1.1",
        "prop-types": "^15.6.2",
        "scheduler": "^0.13.6"
      }
    },
    "react-is": {
      "version": "16.8.6",
      "resolved": "http://registry.npm.taobao.org/react-is/download/react-is-16.8.6.tgz",
      "integrity": "sha1-W7weLSkUHJ+9/tRWND/ivEMKahY=",
      "dev": true
    },
    "resolve-path": {
      "version": "1.4.0",
      "resolved": "http://registry.npm.taobao.org/resolve-path/download/resolve-path-1.4.0.tgz",
      "integrity": "sha1-xL2p9e+y/OZSR4c6s2u02DT+Fvc=",
      "dev": true,
      "requires": {
        "http-errors": "~1.6.2",
        "path-is-absolute": "1.0.1"
      },
      "dependencies": {
        "http-errors": {
          "version": "1.6.3",
          "resolved": "http://registry.npm.taobao.org/http-errors/download/http-errors-1.6.3.tgz",
          "integrity": "sha1-i1VoC7S+KDoLW/TqLjhYC+HZMg0=",
          "dev": true,
          "requires": {
            "depd": "~1.1.2",
            "inherits": "2.0.3",
            "setprototypeof": "1.1.0",
            "statuses": ">= 1.4.0 < 2"
          }
        },
        "setprototypeof": {
          "version": "1.1.0",
          "resolved": "http://registry.npm.taobao.org/setprototypeof/download/setprototypeof-1.1.0.tgz",
          "integrity": "sha1-0L2FU2iHtv58DYGMuWLZ2RxU5lY=",
          "dev": true
        }
      }
    },
    "rollup": {
      "version": "1.7.4",
      "resolved": "http://registry.npm.taobao.org/rollup/download/rollup-1.7.4.tgz",
      "integrity": "sha1-3Z0dSTXT2zjxbhyq72NdjRsIMcQ=",
      "dev": true,
      "requires": {
        "@types/estree": "0.0.39",
        "@types/node": "^11.11.6",
        "acorn": "^6.1.1"
      }
    },
    "safe-buffer": {
      "version": "5.1.2",
      "resolved": "http://registry.npm.taobao.org/safe-buffer/download/safe-buffer-5.1.2.tgz",
      "integrity": "sha1-mR7GnSluAxN0fVm9/St0XDX4go0=",
      "dev": true
    },
    "scheduler": {
      "version": "0.13.6",
      "resolved": "http://registry.npm.taobao.org/scheduler/download/scheduler-0.13.6.tgz",
      "integrity": "sha1-RmpOwzJGezGpG5v3TlNHBy5M2Ik=",
      "dev": true,
      "requires": {
        "loose-envify": "^1.1.0",
        "object-assign": "^4.1.1"
      }
    },
    "setprototypeof": {
      "version": "1.1.1",
      "resolved": "http://registry.npm.taobao.org/setprototypeof/download/setprototypeof-1.1.1.tgz",
      "integrity": "sha1-fpWsskqpL1iF4KvvW6ExMw1K5oM=",
      "dev": true
    },
    "statuses": {
      "version": "1.5.0",
      "resolved": "http://registry.npm.taobao.org/statuses/download/statuses-1.5.0.tgz",
      "integrity": "sha1-Fhx9rBd2Wf2YEfQ3cfqZOBR4Yow=",
      "dev": true
    },
    "thenify": {
      "version": "3.3.0",
      "resolved": "http://registry.npm.taobao.org/thenify/download/thenify-3.3.0.tgz",
      "integrity": "sha1-5p44obq+lpsBCCB5eLn2K4hgSDk=",
      "dev": true,
      "requires": {
        "any-promise": "^1.0.0"
      }
    },
    "thenify-all": {
      "version": "1.6.0",
      "resolved": "http://registry.npm.taobao.org/thenify-all/download/thenify-all-1.6.0.tgz",
      "integrity": "sha1-GhkY1ALY/D+Y+/I02wvMjMEOlyY=",
      "dev": true,
      "requires": {
        "thenify": ">= 3.1.0 < 4"
      }
    },
    "toidentifier": {
      "version": "1.0.0",
      "resolved": "http://registry.npm.taobao.org/toidentifier/download/toidentifier-1.0.0.tgz",
      "integrity": "sha1-fhvjRw8ed5SLxD2Uo8j013UrpVM=",
      "dev": true
    },
    "type-is": {
      "version": "1.6.16",
      "resolved": "http://registry.npm.taobao.org/type-is/download/type-is-1.6.16.tgz",
      "integrity": "sha1-+JzjQVQcZysl7nrjxz3uOyvlAZQ=",
      "dev": true,
      "requires": {
        "media-typer": "0.3.0",
        "mime-types": "~2.1.18"
      }
    },
    "typescript": {
      "version": "3.4.1",
      "resolved": "http://registry.npm.taobao.org/typescript/download/typescript-3.4.1.tgz",
      "integrity": "sha1-tmkb4RqIH/qaBXZaIFy3OD87Y8Y=",
      "dev": true
    },
    "vary": {
      "version": "1.1.2",
      "resolved": "http://registry.npm.taobao.org/vary/download/vary-1.1.2.tgz",
      "integrity": "sha1-IpnwLG3tMNSllhsLn3RSShj2NPw=",
      "dev": true
    },
    "ylru": {
      "version": "1.2.1",
      "resolved": "http://registry.npm.taobao.org/ylru/download/ylru-1.2.1.tgz",
      "integrity": "sha1-9Xa2M0FUeYnB3nuiiHYJI7J/6E8=",
      "dev": true
    }
  }
}
